github.com/gorilla/websocket v1.5.3 h1:saDtZ6Pbx/0u+bgYQ3q96pZgCzfhKXGPqt7kZ72aNNg=
github.com/gorilla/websocket v1.5.3/go.mod h1:YR8l580nyteQvAITg2hZ9XVh4b55+EU/adAjf1fMHhE=
github.com/skelterjohn/go.matrix v0.0.0-20130517144113-daa59528eefd h1:+ZLYzP9SYC3WU9buyb9H0l9DQxqVFOCkDG8QnNBMAlA=
github.com/skelterjohn/go.matrix v0.0.0-20130517144113-daa59528eefd/go.mod h1:x7ui0Rh4QxcWEOgIfa3cr9q4W/wyLTDdzISxBmLVeX8=
github.com/westphae/go-iio v0.2.0 h1:j+bHJfcU9aNoIqxkiM5zOdlFXRPc/gXgmdJy8xiLd4I=
github.com/westphae/go-iio v0.2.0/go.mod h1:X5chNz0NzMy14oym4q796Y7dIs9FA47POY1nlkDA1po=
github.com/westphae/quaternion v0.0.0-20210908005042-fa06d546065c h1:IxoxQQ3RVVii9zMCzUDWL4RZ5HOW1u6VmVGMm3nx6Rc=
github.com/westphae/quaternion v0.0.0-20210908005042-fa06d546065c/go.mod h1:MbIXKXI9LGjgzStrcPZ2teUcfc/1++c7vyCWPg0xvZU=
